
Microsoft Visual Studio Solution File, Format Version 12.00
# Visual Studio Version 17
VisualStudioVersion = 17.8.34511.84
MinimumVisualStudioVersion = 10.0.40219.1
Project("{F184B08F-C81C-45F6-A57F-5ABD9991F28F}") = "Cafe_Quente", "Cafe_Quente\Cafe_Quente.vbproj", "{BF8F22B8-77F1-41D0-BE16-023A24441148}"
EndProject
Global
	GlobalSection(SolutionConfigurationPlatforms) = preSolution
		Debug|Any CPU = Debug|Any CPU
		Release|Any CPU = Release|Any CPU
	EndGlobalSection
	GlobalSection(ProjectConfigurationPlatforms) = postSolution
		{BF8F22B8-77F1-41D0-BE16-023A24441148}.Debug|Any CPU.ActiveCfg = Debug|Any CPU
		{BF8F22B8-77F1-41D0-BE16-023A24441148}.Debug|Any CPU.Build.0 = Debug|Any CPU
		{BF8F22B8-77F1-41D0-BE16-023A24441148}.Release|Any CPU.ActiveCfg = Release|Any CPU
		{BF8F22B8-77F1-41D0-BE16-023A24441148}.Release|Any CPU.Build.0 = Release|Any CPU
	EndGlobalSection
	GlobalSection(SolutionProperties) = preSolution
		HideSolutionNode = FALSE
	EndGlobalSection
	GlobalSection(ExtensibilityGlobals) = postSolution
		SolutionGuid = {90837E4B-0E0E-4CF8-BA89-CEF9EEFE5A3A}
	EndGlobalSection
EndGlobal
